
Microsoft Visual Studio Solution File, Format Version 12.00
# Visual Studio Version 17
VisualStudioVersion = 17.8.34525.116
MinimumVisualStudioVersion = 10.0.40219.1
Project("{FAE04EC0-301F-11D3-BF4B-00C04F79EFBC}") = "COSC3407_Assignment3_Question4", "COSC3407_Assignment3_Question4\COSC3407_Assignment3_Question4.csproj", "{0A96C791-0055-4F55-8DCC-234115781475}"
EndProject
Global
	GlobalSection(SolutionConfigurationPlatforms) = preSolution
		Debug|Any CPU = Debug|Any CPU
		Release|Any CPU = Release|Any CPU
	EndGlobalSection
	GlobalSection(ProjectConfigurationPlatforms) = postSolution
		{0A96C791-0055-4F55-8DCC-234115781475}.Debug|Any CPU.ActiveCfg = Debug|Any CPU
		{0A96C791-0055-4F55-8DCC-234115781475}.Debug|Any CPU.Build.0 = Debug|Any CPU
		{0A96C791-0055-4F55-8DCC-234115781475}.Release|Any CPU.ActiveCfg = Release|Any CPU
		{0A96C791-0055-4F55-8DCC-234115781475}.Release|Any CPU.Build.0 = Release|Any CPU
	EndGlobalSection
	GlobalSection(SolutionProperties) = preSolution
		HideSolutionNode = FALSE
	EndGlobalSection
	GlobalSection(ExtensibilityGlobals) = postSolution
		SolutionGuid = {A79D46F5-9390-4100-A17A-6322C9B514D4}
	EndGlobalSection
EndGlobal
